
Microsoft Visual Studio Solution File, Format Version 12.00
# Visual Studio 15
VisualStudioVersion = 15.0.27130.2027
MinimumVisualStudioVersion = 10.0.40219.1
Project("{FAE04EC0-301F-11D3-BF4B-00C04F79EFBC}") = "TrainTicket.Core.Services", "TrainTicketMachine.Core.Services\TrainTicket.Core.Services.csproj", "{6DFC36C0-327C-4EC1-9F1B-CCDBA58B5E6D}"
EndProject
Project("{FAE04EC0-301F-11D3-BF4B-00C04F79EFBC}") = "TrainTicket.Core.Services.IntegrationTests", "TrainTicketMachine.Core.Services.IntegrationTests\TrainTicket.Core.Services.IntegrationTests.csproj", "{7E5BADBC-06B8-4388-839C-7360AC540990}"
EndProject
Project("{FAE04EC0-301F-11D3-BF4B-00C04F79EFBC}") = "TrainTicketMachine.Sample.Console", "TrainTicketMachine.Sample.Console\TrainTicketMachine.Sample.Console.csproj", "{167B5CA0-85B9-4426-BB10-C250483430C2}"
EndProject
Global
	GlobalSection(SolutionConfigurationPlatforms) = preSolution
		Debug|Any CPU = Debug|Any CPU
		Release|Any CPU = Release|Any CPU
	EndGlobalSection
	GlobalSection(ProjectConfigurationPlatforms) = postSolution
		{6DFC36C0-327C-4EC1-9F1B-CCDBA58B5E6D}.Debug|Any CPU.ActiveCfg = Debug|Any CPU
		{6DFC36C0-327C-4EC1-9F1B-CCDBA58B5E6D}.Debug|Any CPU.Build.0 = Debug|Any CPU
		{6DFC36C0-327C-4EC1-9F1B-CCDBA58B5E6D}.Release|Any CPU.ActiveCfg = Release|Any CPU
		{6DFC36C0-327C-4EC1-9F1B-CCDBA58B5E6D}.Release|Any CPU.Build.0 = Release|Any CPU
		{7E5BADBC-06B8-4388-839C-7360AC540990}.Debug|Any CPU.ActiveCfg = Debug|Any CPU
		{7E5BADBC-06B8-4388-839C-7360AC540990}.Debug|Any CPU.Build.0 = Debug|Any CPU
		{7E5BADBC-06B8-4388-839C-7360AC540990}.Release|Any CPU.ActiveCfg = Release|Any CPU
		{7E5BADBC-06B8-4388-839C-7360AC540990}.Release|Any CPU.Build.0 = Release|Any CPU
		{167B5CA0-85B9-4426-BB10-C250483430C2}.Debug|Any CPU.ActiveCfg = Debug|Any CPU
		{167B5CA0-85B9-4426-BB10-C250483430C2}.Debug|Any CPU.Build.0 = Debug|Any CPU
		{167B5CA0-85B9-4426-BB10-C250483430C2}.Release|Any CPU.ActiveCfg = Release|Any CPU
		{167B5CA0-85B9-4426-BB10-C250483430C2}.Release|Any CPU.Build.0 = Release|Any CPU
	EndGlobalSection
	GlobalSection(SolutionProperties) = preSolution
		HideSolutionNode = FALSE
	EndGlobalSection
	GlobalSection(ExtensibilityGlobals) = postSolution
		SolutionGuid = {ADA61781-79B7-4603-AF8F-FF3BFB0A053D}
	EndGlobalSection
EndGlobal
